
Microsoft Visual Studio Solution File, Format Version 12.00
# Visual Studio Version 17
VisualStudioVersion = 17.5.33530.505
MinimumVisualStudioVersion = 10.0.40219.1
Project("{FAE04EC0-301F-11D3-BF4B-00C04F79EFBC}") = "SGII", "SGII.csproj", "{59123FC8-7A7A-4196-A5D4-F74084F43AED}"
EndProject
Global
	GlobalSection(SolutionConfigurationPlatforms) = preSolution
		Debug|Any CPU = Debug|Any CPU
		Release|Any CPU = Release|Any CPU
	EndGlobalSection
	GlobalSection(ProjectConfigurationPlatforms) = postSolution
		{59123FC8-7A7A-4196-A5D4-F74084F43AED}.Debug|Any CPU.ActiveCfg = Debug|Any CPU
		{59123FC8-7A7A-4196-A5D4-F74084F43AED}.Debug|Any CPU.Build.0 = Debug|Any CPU
		{59123FC8-7A7A-4196-A5D4-F74084F43AED}.Release|Any CPU.ActiveCfg = Release|Any CPU
		{59123FC8-7A7A-4196-A5D4-F74084F43AED}.Release|Any CPU.Build.0 = Release|Any CPU
	EndGlobalSection
	GlobalSection(SolutionProperties) = preSolution
		HideSolutionNode = FALSE
	EndGlobalSection
	GlobalSection(ExtensibilityGlobals) = postSolution
		SolutionGuid = {AC847A61-1C66-492C-8569-C50B6409FE4A}
	EndGlobalSection
EndGlobal
